// !$*UTF8*$!
{
	archiveVersion = 1;
	classes = {
	};
	objectVersion = 52;
	objects = {

/* Begin PBXBuildFile section */
		0D60F34D268331400034508C /* AppDelegate.swift in Sources */ = {isa = PBXBuildFile; fileRef = 0D60F34C268331400034508C /* AppDelegate.swift */; };
		0D60F34F268331400034508C /* ViewController.swift in Sources */ = {isa = PBXBuildFile; fileRef = 0D60F34E268331400034508C /* ViewController.swift */; };
		0D60F351268331440034508C /* Assets.xcassets in Resources */ = {isa = PBXBuildFile; fileRef = 0D60F350268331440034508C /* Assets.xcassets */; };
		0D60F354268331440034508C /* Main.storyboard in Resources */ = {isa = PBXBuildFile; fileRef = 0D60F352268331440034508C /* Main.storyboard */; };
		0D60F35E268331AA0034508C /* RxStatusIconManager in Frameworks */ = {isa = PBXBuildFile; productRef = 0D60F35D268331AA0034508C /* RxStatusIconManager */; };
		0D60F360268331AA0034508C /* StatusIconManager in Frameworks */ = {isa = PBXBuildFile; productRef = 0D60F35F268331AA0034508C /* StatusIconManager */; };
/* End PBXBuildFile section */

/* Begin PBXFileReference section */
		0D60F349268331400034508C /* StatusIconManagerExample.app */ = {isa = PBXFileReference; explicitFileType = wrapper.application; includeInIndex = 0; path = StatusIconManagerExample.app; sourceTree = BUILT_PRODUCTS_DIR; };
		0D60F34C268331400034508C /* AppDelegate.swift */ = {isa = PBXFileReference; lastKnownFileType = sourcecode.swift; path = AppDelegate.swift; sourceTree = "<group>"; };
		0D60F34E268331400034508C /* ViewController.swift */ = {isa = PBXFileReference; lastKnownFileType = sourcecode.swift; path = ViewController.swift; sourceTree = "<group>"; };
		0D60F350268331440034508C /* Assets.xcassets */ = {isa = PBXFileReference; lastKnownFileType = folder.assetcatalog; path = Assets.xcassets; sourceTree = "<group>"; };
		0D60F353268331440034508C /* Base */ = {isa = PBXFileReference; lastKnownFileType = file.storyboard; name = Base; path = Base.lproj/Main.storyboard; sourceTree = "<group>"; };
		0D60F355268331440034508C /* Info.plist */ = {isa = PBXFileReference; lastKnownFileType = text.plist.xml; path = Info.plist; sourceTree = "<group>"; };
		0D60F356268331440034508C /* StatusIconManagerExample.entitlements */ = {isa = PBXFileReference; lastKnownFileType = text.plist.entitlements; path = StatusIconManagerExample.entitlements; sourceTree = "<group>"; };
/* End PBXFileReference section */

/* Begin PBXFrameworksBuildPhase section */
		0D60F346268331400034508C /* Frameworks */ = {
			isa = PBXFrameworksBuildPhase;
			buildActionMask = 2147483647;
			files = (
				0D60F35E268331AA0034508C /* RxStatusIconManager in Frameworks */,
				0D60F360268331AA0034508C /* StatusIconManager in Frameworks */,
			);
			runOnlyForDeploymentPostprocessing = 0;
		};
/* End PBXFrameworksBuildPhase section */

/* Begin PBXGroup section */
		0D60F340268331400034508C = {
			isa = PBXGroup;
			children = (
				0D60F34B268331400034508C /* StatusIconManagerExample */,
				0D60F34A268331400034508C /* Products */,
			);
			sourceTree = "<group>";
		};
		0D60F34A268331400034508C /* Products */ = {
			isa = PBXGroup;
			children = (
				0D60F349268331400034508C /* StatusIconManagerExample.app */,
			);
			name = Products;
			sourceTree = "<group>";
		};
		0D60F34B268331400034508C /* StatusIconManagerExample */ = {
			isa = PBXGroup;
			children = (
				0D60F34C268331400034508C /* AppDelegate.swift */,
				0D60F34E268331400034508C /* ViewController.swift */,
				0D60F350268331440034508C /* Assets.xcassets */,
				0D60F352268331440034508C /* Main.storyboard */,
				0D60F355268331440034508C /* Info.plist */,
				0D60F356268331440034508C /* StatusIconManagerExample.entitlements */,
			);
			path = StatusIconManagerExample;
			sourceTree = "<group>";
		};
/* End PBXGroup section */

/* Begin PBXNativeTarget section */
		0D60F348268331400034508C /* StatusIconManagerExample */ = {
			isa = PBXNativeTarget;
			buildConfigurationList = 0D60F359268331440034508C /* Build configuration list for PBXNativeTarget "StatusIconManagerExample" */;
			buildPhases = (
				0D60F345268331400034508C /* Sources */,
				0D60F346268331400034508C /* Frameworks */,
				0D60F347268331400034508C /* Resources */,
			);
			buildRules = (
			);
			dependencies = (
			);
			name = StatusIconManagerExample;
			packageProductDependencies = (
				0D60F35D268331AA0034508C /* RxStatusIconManager */,
				0D60F35F268331AA0034508C /* StatusIconManager */,
			);
			productName = StatusIconManagerExample;
			productReference = 0D60F349268331400034508C /* StatusIconManagerExample.app */;
			productType = "com.apple.product-type.application";
		};
/* End PBXNativeTarget section */

/* Begin PBXProject section */
		0D60F341268331400034508C /* Project object */ = {
			isa = PBXProject;
			attributes = {
				LastSwiftUpdateCheck = 1250;
				LastUpgradeCheck = 1250;
				TargetAttributes = {
					0D60F348268331400034508C = {
						CreatedOnToolsVersion = 12.5;
					};
				};
			};
			buildConfigurationList = 0D60F344268331400034508C /* Build configuration list for PBXProject "StatusIconManagerExample" */;
			compatibilityVersion = "Xcode 9.3";
			developmentRegion = en;
			hasScannedForEncodings = 0;
			knownRegions = (
				en,
				Base,
			);
			mainGroup = 0D60F340268331400034508C;
			packageReferences = (
				0D60F35C268331AA0034508C /* XCRemoteSwiftPackageReference "StatusIconManager" */,
			);
			productRefGroup = 0D60F34A268331400034508C /* Products */;
			projectDirPath = "";
			projectRoot = "";
			targets = (
				0D60F348268331400034508C /* StatusIconManagerExample */,
			);
		};
/* End PBXProject section */

/* Begin PBXResourcesBuildPhase section */
		0D60F347268331400034508C /* Resources */ = {
			isa = PBXResourcesBuildPhase;
			buildActionMask = 2147483647;
			files = (
				0D60F351268331440034508C /* Assets.xcassets in Resources */,
				0D60F354268331440034508C /* Main.storyboard in Resources */,
			);
			runOnlyForDeploymentPostprocessing = 0;
		};
/* End PBXResourcesBuildPhase section */

/* Begin PBXSourcesBuildPhase section */
		0D60F345268331400034508C /* Sources */ = {
			isa = PBXSourcesBuildPhase;
			buildActionMask = 2147483647;
			files = (
				0D60F34F268331400034508C /* ViewController.swift in Sources */,
				0D60F34D268331400034508C /* AppDelegate.swift in Sources */,
			);
			runOnlyForDeploymentPostprocessing = 0;
		};
/* End PBXSourcesBuildPhase section */

/* Begin PBXVariantGroup section */
		0D60F352268331440034508C /* Main.storyboard */ = {
			isa = PBXVariantGroup;
			children = (
				0D60F353268331440034508C /* Base */,
			);
			name = Main.storyboard;
			sourceTree = "<group>";
		};
/* End PBXVariantGroup section */

/* Begin XCBuildConfiguration section */
		0D60F357268331440034508C /* Debug */ = {
			isa = XCBuildConfiguration;
			buildSettings = {
				ALWAYS_SEARCH_USER_PATHS = NO;
				CLANG_ANALYZER_NONNULL = YES;
				CLANG_ANALYZER_NUMBER_OBJECT_CONVERSION = YES_AGGRESSIVE;
				CLANG_CXX_LANGUAGE_STANDARD = "gnu++14";
				CLANG_CXX_LIBRARY = "libc++";
				CLANG_ENABLE_MODULES = YES;
				CLANG_ENABLE_OBJC_ARC = YES;
				CLANG_ENABLE_OBJC_WEAK = YES;
				CLANG_WARN_BLOCK_CAPTURE_AUTORELEASING = YES;
				CLANG_WARN_BOOL_CONVERSION = YES;
				CLANG_WARN_COMMA = YES;
				CLANG_WARN_CONSTANT_CONVERSION = YES;
				CLANG_WARN_DEPRECATED_OBJC_IMPLEMENTATIONS = YES;
				CLANG_WARN_DIRECT_OBJC_ISA_USAGE = YES_ERROR;
				CLANG_WARN_DOCUMENTATION_COMMENTS = YES;
				CLANG_WARN_EMPTY_BODY = YES;
				CLANG_WARN_ENUM_CONVERSION = YES;
				CLANG_WARN_INFINITE_RECURSION = YES;
				CLANG_WARN_INT_CONVERSION = YES;
				CLANG_WARN_NON_LITERAL_NULL_CONVERSION = YES;
				CLANG_WARN_OBJC_IMPLICIT_RETAIN_SELF = YES;
				CLANG_WARN_OBJC_LITERAL_CONVERSION = YES;
				CLANG_WARN_OBJC_ROOT_CLASS = YES_ERROR;
				CLANG_WARN_QUOTED_INCLUDE_IN_FRAMEWORK_HEADER = YES;
				CLANG_WARN_RANGE_LOOP_ANALYSIS = YES;
				CLANG_WARN_STRICT_PROTOTYPES = YES;
				CLANG_WARN_SUSPICIOUS_MOVE = YES;
				CLANG_WARN_UNGUARDED_AVAILABILITY = YES_AGGRESSIVE;
				CLANG_WARN_UNREACHABLE_CODE = YES;
				CLANG_WARN__DUPLICATE_METHOD_MATCH = YES;
				COPY_PHASE_STRIP = NO;
				DEBUG_INFORMATION_FORMAT = dwarf;
				ENABLE_STRICT_OBJC_MSGSEND = YES;
				ENABLE_TESTABILITY = YES;
				GCC_C_LANGUAGE_STANDARD = gnu11;
				GCC_DYNAMIC_NO_PIC = NO;
				GCC_NO_COMMON_BLOCKS = YES;
				GCC_OPTIMIZATION_LEVEL = 0;
				GCC_PREPROCESSOR_DEFINITIONS = (
					"DEBUG=1",
					"$(inherited)",
				);
				GCC_WARN_64_TO_32_BIT_CONVERSION = YES;
				GCC_WARN_ABOUT_RETURN_TYPE = YES_ERROR;
				GCC_WARN_UNDECLARED_SELECTOR = YES;
				GCC_WARN_UNINITIALIZED_AUTOS = YES_AGGRESSIVE;
				GCC_WARN_UNUSED_FUNCTION = YES;
				GCC_WARN_UNUSED_VARIABLE = YES;
				MACOSX_DEPLOYMENT_TARGET = 10.13;
				MTL_ENABLE_DEBUG_INFO = INCLUDE_SOURCE;
				MTL_FAST_MATH = YES;
				ONLY_ACTIVE_ARCH = YES;
				SDKROOT = macosx;
				SWIFT_ACTIVE_COMPILATION_CONDITIONS = DEBUG;
				SWIFT_OPTIMIZATION_LEVEL = "-Onone";
			};
			name = Debug;
		};
		0D60F358268331440034508C /* Release */ = {
			isa = XCBuildConfiguration;
			buildSettings = {
				ALWAYS_SEARCH_USER_PATHS = NO;
				CLANG_ANALYZER_NONNULL = YES;
				CLANG_ANALYZER_NUMBER_OBJECT_CONVERSION = YES_AGGRESSIVE;
				CLANG_CXX_LANGUAGE_STANDARD = "gnu++14";
				CLANG_CXX_LIBRARY = "libc++";
				CLANG_ENABLE_MODULES = YES;
				CLANG_ENABLE_OBJC_ARC = YES;
				CLANG_ENABLE_OBJC_WEAK = YES;
				CLANG_WARN_BLOCK_CAPTURE_AUTORELEASING = YES;
				CLANG_WARN_BOOL_CONVERSION = YES;
				CLANG_WARN_COMMA = YES;
				CLANG_WARN_CONSTANT_CONVERSION = YES;
				CLANG_WARN_DEPRECATED_OBJC_IMPLEMENTATIONS = YES;
				CLANG_WARN_DIRECT_OBJC_ISA_USAGE = YES_ERROR;
				CLANG_WARN_DOCUMENTATION_COMMENTS = YES;
				CLANG_WARN_EMPTY_BODY = YES;
				CLANG_WARN_ENUM_CONVERSION = YES;
				CLANG_WARN_INFINITE_RECURSION = YES;
				CLANG_WARN_INT_CONVERSION = YES;
				CLANG_WARN_NON_LITERAL_NULL_CONVERSION = YES;
				CLANG_WARN_OBJC_IMPLICIT_RETAIN_SELF = YES;
				CLANG_WARN_OBJC_LITERAL_CONVERSION = YES;
				CLANG_WARN_OBJC_ROOT_CLASS = YES_ERROR;
				CLANG_WARN_QUOTED_INCLUDE_IN_FRAMEWORK_HEADER = YES;
				CLANG_WARN_RANGE_LOOP_ANALYSIS = YES;
				CLANG_WARN_STRICT_PROTOTYPES = YES;
				CLANG_WARN_SUSPICIOUS_MOVE = YES;
				CLANG_WARN_UNGUARDED_AVAILABILITY = YES_AGGRESSIVE;
				CLANG_WARN_UNREACHABLE_CODE = YES;
				CLANG_WARN__DUPLICATE_METHOD_MATCH = YES;
				COPY_PHASE_STRIP = NO;
				DEBUG_INFORMATION_FORMAT = "dwarf-with-dsym";
				ENABLE_NS_ASSERTIONS = NO;
				ENABLE_STRICT_OBJC_MSGSEND = YES;
				GCC_C_LANGUAGE_STANDARD = gnu11;
				GCC_NO_COMMON_BLOCKS = YES;
				GCC_WARN_64_TO_32_BIT_CONVERSION = YES;
				GCC_WARN_ABOUT_RETURN_TYPE = YES_ERROR;
				GCC_WARN_UNDECLARED_SELECTOR = YES;
				GCC_WARN_UNINITIALIZED_AUTOS = YES_AGGRESSIVE;
				GCC_WARN_UNUSED_FUNCTION = YES;
				GCC_WARN_UNUSED_VARIABLE = YES;
				MACOSX_DEPLOYMENT_TARGET = 10.13;
				MTL_ENABLE_DEBUG_INFO = NO;
				MTL_FAST_MATH = YES;
				SDKROOT = macosx;
				SWIFT_COMPILATION_MODE = wholemodule;
				SWIFT_OPTIMIZATION_LEVEL = "-O";
			};
			name = Release;
		};
		0D60F35A268331440034508C /* Debug */ = {
			isa = XCBuildConfiguration;
			buildSettings = {
				ASSETCATALOG_COMPILER_APPICON_NAME = AppIcon;
				ASSETCATALOG_COMPILER_GLOBAL_ACCENT_COLOR_NAME = AccentColor;
				CODE_SIGN_ENTITLEMENTS = StatusIconManagerExample/StatusIconManagerExample.entitlements;
				CODE_SIGN_STYLE = Automatic;
				COMBINE_HIDPI_IMAGES = YES;
				INFOPLIST_FILE = StatusIconManagerExample/Info.plist;
				LD_RUNPATH_SEARCH_PATHS = (
					"$(inherited)",
					"@executable_path/../Frameworks",
				);
				PRODUCT_BUNDLE_IDENTIFIER = io.bugkingK.StatusIconManagerExample;
				PRODUCT_NAME = "$(TARGET_NAME)";
				SWIFT_VERSION = 5.0;
			};
			name = Debug;
		};
		0D60F35B268331440034508C /* Release */ = {
			isa = XCBuildConfiguration;
			buildSettings = {
				ASSETCATALOG_COMPILER_APPICON_NAME = AppIcon;
				ASSETCATALOG_COMPILER_GLOBAL_ACCENT_COLOR_NAME = AccentColor;
				CODE_SIGN_ENTITLEMENTS = StatusIconManagerExample/StatusIconManagerExample.entitlements;
				CODE_SIGN_STYLE = Automatic;
				COMBINE_HIDPI_IMAGES = YES;
				INFOPLIST_FILE = StatusIconManagerExample/Info.plist;
				LD_RUNPATH_SEARCH_PATHS = (
					"$(inherited)",
					"@executable_path/../Frameworks",
				);
				PRODUCT_BUNDLE_IDENTIFIER = io.bugkingK.StatusIconManagerExample;
				PRODUCT_NAME = "$(TARGET_NAME)";
				SWIFT_VERSION = 5.0;
			};
			name = Release;
		};
/* End XCBuildConfiguration section */

/* Begin XCConfigurationList section */
		0D60F344268331400034508C /* Build configuration list for PBXProject "StatusIconManagerExample" */ = {
			isa = XCConfigurationList;
			buildConfigurations = (
				0D60F357268331440034508C /* Debug */,
				0D60F358268331440034508C /* Release */,
			);
			defaultConfigurationIsVisible = 0;
			defaultConfigurationName = Release;
		};
		0D60F359268331440034508C /* Build configuration list for PBXNativeTarget "StatusIconManagerExample" */ = {
			isa = XCConfigurationList;
			buildConfigurations = (
				0D60F35A268331440034508C /* Debug */,
				0D60F35B268331440034508C /* Release */,
			);
			defaultConfigurationIsVisible = 0;
			defaultConfigurationName = Release;
		};
/* End XCConfigurationList section */

/* Begin XCRemoteSwiftPackageReference section */
		0D60F35C268331AA0034508C /* XCRemoteSwiftPackageReference "StatusIconManager" */ = {
			isa = XCRemoteSwiftPackageReference;
			repositoryURL = "https://github.com/bugkingK/StatusIconManager";
			requirement = {
				kind = upToNextMajorVersion;
				minimumVersion = 1.0.0;
			};
		};
/* End XCRemoteSwiftPackageReference section */

/* Begin XCSwiftPackageProductDependency section */
		0D60F35D268331AA0034508C /* RxStatusIconManager */ = {
			isa = XCSwiftPackageProductDependency;
			package = 0D60F35C268331AA0034508C /* XCRemoteSwiftPackageReference "StatusIconManager" */;
			productName = RxStatusIconManager;
		};
		0D60F35F268331AA0034508C /* StatusIconManager */ = {
			isa = XCSwiftPackageProductDependency;
			package = 0D60F35C268331AA0034508C /* XCRemoteSwiftPackageReference "StatusIconManager" */;
			productName = StatusIconManager;
		};
/* End XCSwiftPackageProductDependency section */
	};
	rootObject = 0D60F341268331400034508C /* Project object */;
}
